
Microsoft Visual Studio Solution File, Format Version 12.00
# Visual Studio 15
VisualStudioVersion = 15.0.26124.0
MinimumVisualStudioVersion = 15.0.26124.0
Project("{FAE04EC0-301F-11D3-BF4B-00C04F79EFBC}") = "Domain", "Domain\Domain.csproj", "{F46F35F8-7E63-4349-8D72-C67C6B58AE9A}"
EndProject
Project("{FAE04EC0-301F-11D3-BF4B-00C04F79EFBC}") = "Application", "Application\Application.csproj", "{67CE2A22-861A-40C5-ACEE-700892C33FA6}"
EndProject
Project("{FAE04EC0-301F-11D3-BF4B-00C04F79EFBC}") = "Persistence", "Persistence\Persistence.csproj", "{4412224E-6352-4083-A2B2-CFFACCB02C31}"
EndProject
Project("{FAE04EC0-301F-11D3-BF4B-00C04F79EFBC}") = "API", "API\API.csproj", "{04E09CDE-0F52-43B6-A09A-F57BD9770E2D}"
EndProject
Global
	GlobalSection(SolutionConfigurationPlatforms) = preSolution
		Debug|Any CPU = Debug|Any CPU
		Debug|x64 = Debug|x64
		Debug|x86 = Debug|x86
		Release|Any CPU = Release|Any CPU
		Release|x64 = Release|x64
		Release|x86 = Release|x86
	EndGlobalSection
	GlobalSection(SolutionProperties) = preSolution
		HideSolutionNode = FALSE
	EndGlobalSection
	GlobalSection(ProjectConfigurationPlatforms) = postSolution
		{F46F35F8-7E63-4349-8D72-C67C6B58AE9A}.Debug|Any CPU.ActiveCfg = Debug|Any CPU
		{F46F35F8-7E63-4349-8D72-C67C6B58AE9A}.Debug|Any CPU.Build.0 = Debug|Any CPU
		{F46F35F8-7E63-4349-8D72-C67C6B58AE9A}.Debug|x64.ActiveCfg = Debug|Any CPU
		{F46F35F8-7E63-4349-8D72-C67C6B58AE9A}.Debug|x64.Build.0 = Debug|Any CPU
		{F46F35F8-7E63-4349-8D72-C67C6B58AE9A}.Debug|x86.ActiveCfg = Debug|Any CPU
		{F46F35F8-7E63-4349-8D72-C67C6B58AE9A}.Debug|x86.Build.0 = Debug|Any CPU
		{F46F35F8-7E63-4349-8D72-C67C6B58AE9A}.Release|Any CPU.ActiveCfg = Release|Any CPU
		{F46F35F8-7E63-4349-8D72-C67C6B58AE9A}.Release|Any CPU.Build.0 = Release|Any CPU
		{F46F35F8-7E63-4349-8D72-C67C6B58AE9A}.Release|x64.ActiveCfg = Release|Any CPU
		{F46F35F8-7E63-4349-8D72-C67C6B58AE9A}.Release|x64.Build.0 = Release|Any CPU
		{F46F35F8-7E63-4349-8D72-C67C6B58AE9A}.Release|x86.ActiveCfg = Release|Any CPU
		{F46F35F8-7E63-4349-8D72-C67C6B58AE9A}.Release|x86.Build.0 = Release|Any CPU
		{67CE2A22-861A-40C5-ACEE-700892C33FA6}.Debug|Any CPU.ActiveCfg = Debug|Any CPU
		{67CE2A22-861A-40C5-ACEE-700892C33FA6}.Debug|Any CPU.Build.0 = Debug|Any CPU
		{67CE2A22-861A-40C5-ACEE-700892C33FA6}.Debug|x64.ActiveCfg = Debug|Any CPU
		{67CE2A22-861A-40C5-ACEE-700892C33FA6}.Debug|x64.Build.0 = Debug|Any CPU
		{67CE2A22-861A-40C5-ACEE-700892C33FA6}.Debug|x86.ActiveCfg = Debug|Any CPU
		{67CE2A22-861A-40C5-ACEE-700892C33FA6}.Debug|x86.Build.0 = Debug|Any CPU
		{67CE2A22-861A-40C5-ACEE-700892C33FA6}.Release|Any CPU.ActiveCfg = Release|Any CPU
		{67CE2A22-861A-40C5-ACEE-700892C33FA6}.Release|Any CPU.Build.0 = Release|Any CPU
		{67CE2A22-861A-40C5-ACEE-700892C33FA6}.Release|x64.ActiveCfg = Release|Any CPU
		{67CE2A22-861A-40C5-ACEE-700892C33FA6}.Release|x64.Build.0 = Release|Any CPU
		{67CE2A22-861A-40C5-ACEE-700892C33FA6}.Release|x86.ActiveCfg = Release|Any CPU
		{67CE2A22-861A-40C5-ACEE-700892C33FA6}.Release|x86.Build.0 = Release|Any CPU
		{4412224E-6352-4083-A2B2-CFFACCB02C31}.Debug|Any CPU.ActiveCfg = Debug|Any CPU
		{4412224E-6352-4083-A2B2-CFFACCB02C31}.Debug|Any CPU.Build.0 = Debug|Any CPU
		{4412224E-6352-4083-A2B2-CFFACCB02C31}.Debug|x64.ActiveCfg = Debug|Any CPU
		{4412224E-6352-4083-A2B2-CFFACCB02C31}.Debug|x64.Build.0 = Debug|Any CPU
		{4412224E-6352-4083-A2B2-CFFACCB02C31}.Debug|x86.ActiveCfg = Debug|Any CPU
		{4412224E-6352-4083-A2B2-CFFACCB02C31}.Debug|x86.Build.0 = Debug|Any CPU
		{4412224E-6352-4083-A2B2-CFFACCB02C31}.Release|Any CPU.ActiveCfg = Release|Any CPU
		{4412224E-6352-4083-A2B2-CFFACCB02C31}.Release|Any CPU.Build.0 = Release|Any CPU
		{4412224E-6352-4083-A2B2-CFFACCB02C31}.Release|x64.ActiveCfg = Release|Any CPU
		{4412224E-6352-4083-A2B2-CFFACCB02C31}.Release|x64.Build.0 = Release|Any CPU
		{4412224E-6352-4083-A2B2-CFFACCB02C31}.Release|x86.ActiveCfg = Release|Any CPU
		{4412224E-6352-4083-A2B2-CFFACCB02C31}.Release|x86.Build.0 = Release|Any CPU
		{04E09CDE-0F52-43B6-A09A-F57BD9770E2D}.Debug|Any CPU.ActiveCfg = Debug|Any CPU
		{04E09CDE-0F52-43B6-A09A-F57BD9770E2D}.Debug|Any CPU.Build.0 = Debug|Any CPU
		{04E09CDE-0F52-43B6-A09A-F57BD9770E2D}.Debug|x64.ActiveCfg = Debug|Any CPU
		{04E09CDE-0F52-43B6-A09A-F57BD9770E2D}.Debug|x64.Build.0 = Debug|Any CPU
		{04E09CDE-0F52-43B6-A09A-F57BD9770E2D}.Debug|x86.ActiveCfg = Debug|Any CPU
		{04E09CDE-0F52-43B6-A09A-F57BD9770E2D}.Debug|x86.Build.0 = Debug|Any CPU
		{04E09CDE-0F52-43B6-A09A-F57BD9770E2D}.Release|Any CPU.ActiveCfg = Release|Any CPU
		{04E09CDE-0F52-43B6-A09A-F57BD9770E2D}.Release|Any CPU.Build.0 = Release|Any CPU
		{04E09CDE-0F52-43B6-A09A-F57BD9770E2D}.Release|x64.ActiveCfg = Release|Any CPU
		{04E09CDE-0F52-43B6-A09A-F57BD9770E2D}.Release|x64.Build.0 = Release|Any CPU
		{04E09CDE-0F52-43B6-A09A-F57BD9770E2D}.Release|x86.ActiveCfg = Release|Any CPU
		{04E09CDE-0F52-43B6-A09A-F57BD9770E2D}.Release|x86.Build.0 = Release|Any CPU
	EndGlobalSection
EndGlobal
